<?xml version="1.0" encoding="utf-8"?>
<Project ToolsVersion="4.0" xmlns="http://schemas.microsoft.com/developer/msbuild/2003">
  <ItemGroup>
    <Filter Include="amx">
      <UniqueIdentifier>{2e332528-52b5-42f0-b037-b403bfdddde2}</UniqueIdentifier>
    </Filter>
    <Filter Include="amx\sqlite">
      <UniqueIdentifier>{defea0b4-f44e-4a15-81a4-c58ab9d400d6}</UniqueIdentifier>
    </Filter>
    <Filter Include="scripting">
      <UniqueIdentifier>{bb811544-4520-45bc-bfd3-d9dbf57cfe45}</UniqueIdentifier>
    </Filter>
    <Filter Include="net">
      <UniqueIdentifier>{a74dd611-7254-492d-b857-1692000807ba}</UniqueIdentifier>
    </Filter>
    <Filter Include="net\raknet">
      <UniqueIdentifier>{ef0ad60a-0482-46b8-b7ac-4ba073eb7f6e}</UniqueIdentifier>
    </Filter>
    <Filter Include="net\game">
      <UniqueIdentifier>{398f51e6-0c6f-463f-9334-3a8532d9edf2}</UniqueIdentifier>
    </Filter>
    <Filter Include="net\game\pools">
      <UniqueIdentifier>{84711c77-0d23-4bda-806f-184d158ceae0}</UniqueIdentifier>
    </Filter>
    <Filter Include="general">
      <UniqueIdentifier>{9985f3c8-3726-4cdc-ae13-26cfe900e6a1}</UniqueIdentifier>
    </Filter>
  </ItemGroup>
  <ItemGroup>
    <ClCompile Include="amx\amx.c">
      <Filter>amx</Filter>
    </ClCompile>
    <ClCompile Include="amx\amxcons.c">
      <Filter>amx</Filter>
    </ClCompile>
    <ClCompile Include="amx\amxcore.c">
      <Filter>amx</Filter>
    </ClCompile>
    <ClCompile Include="amx\amxDGram.c">
      <Filter>amx</Filter>
    </ClCompile>
    <ClCompile Include="amx\amxfile.c">
      <Filter>amx</Filter>
    </ClCompile>
    <ClCompile Include="amx\amxfloat.c">
      <Filter>amx</Filter>
    </ClCompile>
    <ClCompile Include="amx\amxstring.c">
      <Filter>amx</Filter>
    </ClCompile>
    <ClCompile Include="amx\amxtime.c">
      <Filter>amx</Filter>
    </ClCompile>
    <ClCompile Include="sqlite\sqlite3.c">
      <Filter>amx\sqlite</Filter>
    </ClCompile>
    <ClCompile Include="sqlite\sqlite_amx.c">
      <Filter>amx\sqlite</Filter>
    </ClCompile>
    <ClCompile Include="filterscripts.cpp">
      <Filter>scripting</Filter>
    </ClCompile>
    <ClCompile Include="format.cpp">
      <Filter>scripting</Filter>
    </ClCompile>
    <ClCompile Include="gamemodes.cpp">
      <Filter>scripting</Filter>
    </ClCompile>
    <ClCompile Include="scrcore.cpp">
      <Filter>scripting</Filter>
    </ClCompile>
    <ClCompile Include="scrcustom.cpp">
      <Filter>scripting</Filter>
    </ClCompile>
    <ClCompile Include="scrtimers.cpp">
      <Filter>scripting</Filter>
    </ClCompile>
    <ClCompile Include="console.cpp" />
    <ClCompile Include="exceptions.cpp" />
    <ClCompile Include="main.cpp" />
    <ClCompile Include="netrpc.cpp">
      <Filter>net\game</Filter>
    </ClCompile>
    <ClCompile Include="netgame.cpp">
      <Filter>net\game</Filter>
    </ClCompile>
    <ClCompile Include="gangzonepool.cpp">
      <Filter>net\game\pools</Filter>
    </ClCompile>
    <ClCompile Include="menupool.cpp">
      <Filter>net\game\pools</Filter>
    </ClCompile>
    <ClCompile Include="objectpool.cpp">
      <Filter>net\game\pools</Filter>
    </ClCompile>
    <ClCompile Include="pickuppool.cpp">
      <Filter>net\game\pools</Filter>
    </ClCompile>
    <ClCompile Include="playerpool.cpp">
      <Filter>net\game\pools</Filter>
    </ClCompile>
    <ClCompile Include="vehiclepool.cpp">
      <Filter>net\game\pools</Filter>
    </ClCompile>
    <ClCompile Include="textdrawpool.cpp">
      <Filter>net\game\pools</Filter>
    </ClCompile>
    <ClCompile Include="httpclient.cpp">
      <Filter>net\game</Filter>
    </ClCompile>
    <ClCompile Include="menu.cpp">
      <Filter>general</Filter>
    </ClCompile>
    <ClCompile Include="object.cpp">
      <Filter>general</Filter>
    </ClCompile>
    <ClCompile Include="player.cpp">
      <Filter>general</Filter>
    </ClCompile>
    <ClCompile Include="plugins.cpp">
      <Filter>general</Filter>
    </ClCompile>
    <ClCompile Include="runutil.cpp">
      <Filter>general</Filter>
    </ClCompile>
    <ClCompile Include="vehicle.cpp">
      <Filter>general</Filter>
    </ClCompile>
    <ClCompile Include="..\raknet\_FindFirst.cpp">
      <Filter>net\raknet</Filter>
    </ClCompile>
    <ClCompile Include="..\raknet\Base64Encoder.cpp">
      <Filter>net\raknet</Filter>
    </ClCompile>
    <ClCompile Include="..\raknet\BitStream.cpp">
      <Filter>net\raknet</Filter>
    </ClCompile>
    <ClCompile Include="..\raknet\CCRakNetSlidingWindow.cpp">
      <Filter>net\raknet</Filter>
    </ClCompile>
    <ClCompile Include="..\raknet\CCRakNetUDT.cpp">
      <Filter>net\raknet</Filter>
    </ClCompile>
    <ClCompile Include="..\raknet\CheckSum.cpp">
      <Filter>net\raknet</Filter>
    </ClCompile>
    <ClCompile Include="..\raknet\CloudClient.cpp">
      <Filter>net\raknet</Filter>
    </ClCompile>
    <ClCompile Include="..\raknet\CloudCommon.cpp">
      <Filter>net\raknet</Filter>
    </ClCompile>
    <ClCompile Include="..\raknet\CloudServer.cpp">
      <Filter>net\raknet</Filter>
    </ClCompile>
    <ClCompile Include="..\raknet\CommandParserInterface.cpp">
      <Filter>net\raknet</Filter>
    </ClCompile>
    <ClCompile Include="..\raknet\ConnectionGraph2.cpp">
      <Filter>net\raknet</Filter>
    </ClCompile>
    <ClCompile Include="..\raknet\ConsoleServer.cpp">
      <Filter>net\raknet</Filter>
    </ClCompile>
    <ClCompile Include="..\raknet\DataCompressor.cpp">
      <Filter>net\raknet</Filter>
    </ClCompile>
    <ClCompile Include="..\raknet\DirectoryDeltaTransfer.cpp">
      <Filter>net\raknet</Filter>
    </ClCompile>
    <ClCompile Include="..\raknet\DR_SHA1.cpp">
      <Filter>net\raknet</Filter>
    </ClCompile>
    <ClCompile Include="..\raknet\DS_BytePool.cpp">
      <Filter>net\raknet</Filter>
    </ClCompile>
    <ClCompile Include="..\raknet\DS_ByteQueue.cpp">
      <Filter>net\raknet</Filter>
    </ClCompile>
    <ClCompile Include="..\raknet\DS_HuffmanEncodingTree.cpp">
      <Filter>net\raknet</Filter>
    </ClCompile>
    <ClCompile Include="..\raknet\DS_Table.cpp">
      <Filter>net\raknet</Filter>
    </ClCompile>
    <ClCompile Include="..\raknet\DynDNS.cpp">
      <Filter>net\raknet</Filter>
    </ClCompile>
    <ClCompile Include="..\raknet\EmailSender.cpp">
      <Filter>net\raknet</Filter>
    </ClCompile>
    <ClCompile Include="..\raknet\EpochTimeToString.cpp">
      <Filter>net\raknet</Filter>
    </ClCompile>
    <ClCompile Include="..\raknet\FileList.cpp">
      <Filter>net\raknet</Filter>
    </ClCompile>
    <ClCompile Include="..\raknet\FileListTransfer.cpp">
      <Filter>net\raknet</Filter>
    </ClCompile>
    <ClCompile Include="..\raknet\FileOperations.cpp">
      <Filter>net\raknet</Filter>
    </ClCompile>
    <ClCompile Include="..\raknet\FormatString.cpp">
      <Filter>net\raknet</Filter>
    </ClCompile>
    <ClCompile Include="..\raknet\FullyConnectedMesh2.cpp">
      <Filter>net\raknet</Filter>
    </ClCompile>
    <ClCompile Include="..\raknet\Getche.cpp">
      <Filter>net\raknet</Filter>
    </ClCompile>
    <ClCompile Include="..\raknet\Gets.cpp">
      <Filter>net\raknet</Filter>
    </ClCompile>
    <ClCompile Include="..\raknet\GetTime.cpp">
      <Filter>net\raknet</Filter>
    </ClCompile>
    <ClCompile Include="..\raknet\gettimeofday.cpp">
      <Filter>net\raknet</Filter>
    </ClCompile>
    <ClCompile Include="..\raknet\GridSectorizer.cpp">
      <Filter>net\raknet</Filter>
    </ClCompile>
    <ClCompile Include="..\raknet\HTTPConnection.cpp">
      <Filter>net\raknet</Filter>
    </ClCompile>
    <ClCompile Include="..\raknet\HTTPConnection2.cpp">
      <Filter>net\raknet</Filter>
    </ClCompile>
    <ClCompile Include="..\raknet\IncrementalReadInterface.cpp">
      <Filter>net\raknet</Filter>
    </ClCompile>
    <ClCompile Include="..\raknet\Itoa.cpp">
      <Filter>net\raknet</Filter>
    </ClCompile>
    <ClCompile Include="..\raknet\LinuxStrings.cpp">
      <Filter>net\raknet</Filter>
    </ClCompile>
    <ClCompile Include="..\raknet\LocklessTypes.cpp">
      <Filter>net\raknet</Filter>
    </ClCompile>
    <ClCompile Include="..\raknet\LogCommandParser.cpp">
      <Filter>net\raknet</Filter>
    </ClCompile>
    <ClCompile Include="..\raknet\MessageFilter.cpp">
      <Filter>net\raknet</Filter>
    </ClCompile>
    <ClCompile Include="..\raknet\NatPunchthroughClient.cpp">
      <Filter>net\raknet</Filter>
    </ClCompile>
    <ClCompile Include="..\raknet\NatPunchthroughServer.cpp">
      <Filter>net\raknet</Filter>
    </ClCompile>
    <ClCompile Include="..\raknet\NatTypeDetectionClient.cpp">
      <Filter>net\raknet</Filter>
    </ClCompile>
    <ClCompile Include="..\raknet\NatTypeDetectionCommon.cpp">
      <Filter>net\raknet</Filter>
    </ClCompile>
    <ClCompile Include="..\raknet\NatTypeDetectionServer.cpp">
      <Filter>net\raknet</Filter>
    </ClCompile>
    <ClCompile Include="..\raknet\NetworkIDManager.cpp">
      <Filter>net\raknet</Filter>
    </ClCompile>
    <ClCompile Include="..\raknet\NetworkIDObject.cpp">
      <Filter>net\raknet</Filter>
    </ClCompile>
    <ClCompile Include="..\raknet\PacketConsoleLogger.cpp">
      <Filter>net\raknet</Filter>
    </ClCompile>
    <ClCompile Include="..\raknet\PacketFileLogger.cpp">
      <Filter>net\raknet</Filter>
    </ClCompile>
    <ClCompile Include="..\raknet\PacketizedTCP.cpp">
      <Filter>net\raknet</Filter>
    </ClCompile>
    <ClCompile Include="..\raknet\PacketLogger.cpp">
      <Filter>net\raknet</Filter>
    </ClCompile>
    <ClCompile Include="..\raknet\PacketOutputWindowLogger.cpp">
      <Filter>net\raknet</Filter>
    </ClCompile>
    <ClCompile Include="..\raknet\PluginInterface2.cpp">
      <Filter>net\raknet</Filter>
    </ClCompile>
    <ClCompile Include="..\raknet\PS4Includes.cpp">
      <Filter>net\raknet</Filter>
    </ClCompile>
    <ClCompile Include="..\raknet\Rackspace.cpp">
      <Filter>net\raknet</Filter>
    </ClCompile>
    <ClCompile Include="..\raknet\RakMemoryOverride.cpp">
      <Filter>net\raknet</Filter>
    </ClCompile>
    <ClCompile Include="..\raknet\RakNetCommandParser.cpp">
      <Filter>net\raknet</Filter>
    </ClCompile>
    <ClCompile Include="..\raknet\RakNetSocket.cpp">
      <Filter>net\raknet</Filter>
    </ClCompile>
    <ClCompile Include="..\raknet\RakNetSocket2.cpp">
      <Filter>net\raknet</Filter>
    </ClCompile>
    <ClCompile Include="..\raknet\RakNetSocket2_360_720.cpp">
      <Filter>net\raknet</Filter>
    </ClCompile>
    <ClCompile Include="..\raknet\RakNetSocket2_Berkley.cpp">
      <Filter>net\raknet</Filter>
    </ClCompile>
    <ClCompile Include="..\raknet\RakNetSocket2_Berkley_NativeClient.cpp">
      <Filter>net\raknet</Filter>
    </ClCompile>
    <ClCompile Include="..\raknet\RakNetSocket2_NativeClient.cpp">
      <Filter>net\raknet</Filter>
    </ClCompile>
    <ClCompile Include="..\raknet\RakNetSocket2_PS3_PS4.cpp">
      <Filter>net\raknet</Filter>
    </ClCompile>
    <ClCompile Include="..\raknet\RakNetSocket2_PS4.cpp">
      <Filter>net\raknet</Filter>
    </ClCompile>
    <ClCompile Include="..\raknet\RakNetSocket2_Vita.cpp">
      <Filter>net\raknet</Filter>
    </ClCompile>
    <ClCompile Include="..\raknet\RakNetSocket2_Windows_Linux.cpp">
      <Filter>net\raknet</Filter>
    </ClCompile>
    <ClCompile Include="..\raknet\RakNetSocket2_Windows_Linux_360.cpp">
      <Filter>net\raknet</Filter>
    </ClCompile>
    <ClCompile Include="..\raknet\RakNetSocket2_WindowsStore8.cpp">
      <Filter>net\raknet</Filter>
    </ClCompile>
    <ClCompile Include="..\raknet\RakNetStatistics.cpp">
      <Filter>net\raknet</Filter>
    </ClCompile>
    <ClCompile Include="..\raknet\RakNetTransport2.cpp">
      <Filter>net\raknet</Filter>
    </ClCompile>
    <ClCompile Include="..\raknet\RakNetTypes.cpp">
      <Filter>net\raknet</Filter>
    </ClCompile>
    <ClCompile Include="..\raknet\RakPeer.cpp">
      <Filter>net\raknet</Filter>
    </ClCompile>
    <ClCompile Include="..\raknet\RakSleep.cpp">
      <Filter>net\raknet</Filter>
    </ClCompile>
    <ClCompile Include="..\raknet\RakString.cpp">
      <Filter>net\raknet</Filter>
    </ClCompile>
    <ClCompile Include="..\raknet\RakThread.cpp">
      <Filter>net\raknet</Filter>
    </ClCompile>
    <ClCompile Include="..\raknet\RakWString.cpp">
      <Filter>net\raknet</Filter>
    </ClCompile>
    <ClCompile Include="..\raknet\Rand.cpp">
      <Filter>net\raknet</Filter>
    </ClCompile>
    <ClCompile Include="..\raknet\RandSync.cpp">
      <Filter>net\raknet</Filter>
    </ClCompile>
    <ClCompile Include="..\raknet\ReadyEvent.cpp">
      <Filter>net\raknet</Filter>
    </ClCompile>
    <ClCompile Include="..\raknet\RelayPlugin.cpp">
      <Filter>net\raknet</Filter>
    </ClCompile>
    <ClCompile Include="..\raknet\ReliabilityLayer.cpp">
      <Filter>net\raknet</Filter>
    </ClCompile>
    <ClCompile Include="..\raknet\ReplicaManager3.cpp">
      <Filter>net\raknet</Filter>
    </ClCompile>
    <ClCompile Include="..\raknet\Router2.cpp">
      <Filter>net\raknet</Filter>
    </ClCompile>
    <ClCompile Include="..\raknet\RPC4Plugin.cpp">
      <Filter>net\raknet</Filter>
    </ClCompile>
    <ClCompile Include="..\raknet\SecureHandshake.cpp">
      <Filter>net\raknet</Filter>
    </ClCompile>
    <ClCompile Include="..\raknet\SendToThread.cpp">
      <Filter>net\raknet</Filter>
    </ClCompile>
    <ClCompile Include="..\raknet\SignaledEvent.cpp">
      <Filter>net\raknet</Filter>
    </ClCompile>
    <ClCompile Include="..\raknet\SimpleMutex.cpp">
      <Filter>net\raknet</Filter>
    </ClCompile>
    <ClCompile Include="..\raknet\SocketLayer.cpp">
      <Filter>net\raknet</Filter>
    </ClCompile>
    <ClCompile Include="..\raknet\StatisticsHistory.cpp">
      <Filter>net\raknet</Filter>
    </ClCompile>
    <ClCompile Include="..\raknet\StringCompressor.cpp">
      <Filter>net\raknet</Filter>
    </ClCompile>
    <ClCompile Include="..\raknet\StringTable.cpp">
      <Filter>net\raknet</Filter>
    </ClCompile>
    <ClCompile Include="..\raknet\SuperFastHash.cpp">
      <Filter>net\raknet</Filter>
    </ClCompile>
    <ClCompile Include="..\raknet\TableSerializer.cpp">
      <Filter>net\raknet</Filter>
    </ClCompile>
    <ClCompile Include="..\raknet\TCPInterface.cpp">
      <Filter>net\raknet</Filter>
    </ClCompile>
    <ClCompile Include="..\raknet\TeamBalancer.cpp">
      <Filter>net\raknet</Filter>
    </ClCompile>
    <ClCompile Include="..\raknet\TeamManager.cpp">
      <Filter>net\raknet</Filter>
    </ClCompile>
    <ClCompile Include="..\raknet\TelnetTransport.cpp">
      <Filter>net\raknet</Filter>
    </ClCompile>
    <ClCompile Include="..\raknet\ThreadsafePacketLogger.cpp">
      <Filter>net\raknet</Filter>
    </ClCompile>
    <ClCompile Include="..\raknet\TwoWayAuthentication.cpp">
      <Filter>net\raknet</Filter>
    </ClCompile>
    <ClCompile Include="..\raknet\UDPForwarder.cpp">
      <Filter>net\raknet</Filter>
    </ClCompile>
    <ClCompile Include="..\raknet\UDPProxyClient.cpp">
      <Filter>net\raknet</Filter>
    </ClCompile>
    <ClCompile Include="..\raknet\UDPProxyCoordinator.cpp">
      <Filter>net\raknet</Filter>
    </ClCompile>
    <ClCompile Include="..\raknet\UDPProxyServer.cpp">
      <Filter>net\raknet</Filter>
    </ClCompile>
    <ClCompile Include="..\raknet\VariableDeltaSerializer.cpp">
      <Filter>net\raknet</Filter>
    </ClCompile>
    <ClCompile Include="..\raknet\VariableListDeltaTracker.cpp">
      <Filter>net\raknet</Filter>
    </ClCompile>
    <ClCompile Include="..\raknet\VariadicSQLParser.cpp">
      <Filter>net\raknet</Filter>
    </ClCompile>
    <ClCompile Include="..\raknet\VitaIncludes.cpp">
      <Filter>net\raknet</Filter>
    </ClCompile>
    <ClCompile Include="..\raknet\WSAStartupSingleton.cpp">
      <Filter>net\raknet</Filter>
    </ClCompile>
  </ItemGroup>
  <ItemGroup>
    <ClInclude Include="amx\amx.h">
      <Filter>amx</Filter>
    </ClInclude>
    <ClInclude Include="amx\osdefs.h">
      <Filter>amx</Filter>
    </ClInclude>
    <ClInclude Include="sqlite\sqlite3.h">
      <Filter>amx\sqlite</Filter>
    </ClInclude>
    <ClInclude Include="filterscripts.h">
      <Filter>scripting</Filter>
    </ClInclude>
    <ClInclude Include="format.h">
      <Filter>scripting</Filter>
    </ClInclude>
    <ClInclude Include="gamemodes.h">
      <Filter>scripting</Filter>
    </ClInclude>
    <ClInclude Include="scrtimers.h">
      <Filter>scripting</Filter>
    </ClInclude>
    <ClInclude Include="console.h" />
    <ClInclude Include="jenkinshash.h" />
    <ClInclude Include="main.h" />
    <ClInclude Include="plugincommon.h" />
    <ClInclude Include="plugininternal.h" />
    <ClInclude Include="pluginkey.h" />
    <ClInclude Include="system.h" />
    <ClInclude Include="vehmods.h" />
    <ClInclude Include="netrpc.h">
      <Filter>net\game</Filter>
    </ClInclude>
    <ClInclude Include="netgame.h">
      <Filter>net\game</Filter>
    </ClInclude>
    <ClInclude Include="gangzonepool.h">
      <Filter>net\game\pools</Filter>
    </ClInclude>
    <ClInclude Include="menupool.h">
      <Filter>net\game\pools</Filter>
    </ClInclude>
    <ClInclude Include="objectpool.h">
      <Filter>net\game\pools</Filter>
    </ClInclude>
    <ClInclude Include="pickuppool.h">
      <Filter>net\game\pools</Filter>
    </ClInclude>
    <ClInclude Include="playerpool.h">
      <Filter>net\game\pools</Filter>
    </ClInclude>
    <ClInclude Include="vehiclepool.h">
      <Filter>net\game\pools</Filter>
    </ClInclude>
    <ClInclude Include="textdrawpool.h">
      <Filter>net\game\pools</Filter>
    </ClInclude>
    <ClInclude Include="httpclient.h">
      <Filter>net\game</Filter>
    </ClInclude>
    <ClInclude Include="menu.h">
      <Filter>general</Filter>
    </ClInclude>
    <ClInclude Include="object.h">
      <Filter>general</Filter>
    </ClInclude>
    <ClInclude Include="player.h">
      <Filter>general</Filter>
    </ClInclude>
    <ClInclude Include="plugins.h">
      <Filter>general</Filter>
    </ClInclude>
    <ClInclude Include="runutil.h">
      <Filter>general</Filter>
    </ClInclude>
    <ClInclude Include="vehicle.h">
      <Filter>general</Filter>
    </ClInclude>
    <ClInclude Include="..\raknet\_FindFirst.h">
      <Filter>net\raknet</Filter>
    </ClInclude>
    <ClInclude Include="..\raknet\AutopatcherPatchContext.h">
      <Filter>net\raknet</Filter>
    </ClInclude>
    <ClInclude Include="..\raknet\AutopatcherRepositoryInterface.h">
      <Filter>net\raknet</Filter>
    </ClInclude>
    <ClInclude Include="..\raknet\Base64Encoder.h">
      <Filter>net\raknet</Filter>
    </ClInclude>
    <ClInclude Include="..\raknet\BitStream.h">
      <Filter>net\raknet</Filter>
    </ClInclude>
    <ClInclude Include="..\raknet\CCRakNetSlidingWindow.h">
      <Filter>net\raknet</Filter>
    </ClInclude>
    <ClInclude Include="..\raknet\CCRakNetUDT.h">
      <Filter>net\raknet</Filter>
    </ClInclude>
    <ClInclude Include="..\raknet\CheckSum.h">
      <Filter>net\raknet</Filter>
    </ClInclude>
    <ClInclude Include="..\raknet\CloudClient.h">
      <Filter>net\raknet</Filter>
    </ClInclude>
    <ClInclude Include="..\raknet\CloudCommon.h">
      <Filter>net\raknet</Filter>
    </ClInclude>
    <ClInclude Include="..\raknet\CloudServer.h">
      <Filter>net\raknet</Filter>
    </ClInclude>
    <ClInclude Include="..\raknet\CommandParserInterface.h">
      <Filter>net\raknet</Filter>
    </ClInclude>
    <ClInclude Include="..\raknet\ConnectionGraph2.h">
      <Filter>net\raknet</Filter>
    </ClInclude>
    <ClInclude Include="..\raknet\ConsoleServer.h">
      <Filter>net\raknet</Filter>
    </ClInclude>
    <ClInclude Include="..\raknet\DataCompressor.h">
      <Filter>net\raknet</Filter>
    </ClInclude>
    <ClInclude Include="..\raknet\DirectoryDeltaTransfer.h">
      <Filter>net\raknet</Filter>
    </ClInclude>
    <ClInclude Include="..\raknet\DR_SHA1.h">
      <Filter>net\raknet</Filter>
    </ClInclude>
    <ClInclude Include="..\raknet\DS_BinarySearchTree.h">
      <Filter>net\raknet</Filter>
    </ClInclude>
    <ClInclude Include="..\raknet\DS_BPlusTree.h">
      <Filter>net\raknet</Filter>
    </ClInclude>
    <ClInclude Include="..\raknet\DS_BytePool.h">
      <Filter>net\raknet</Filter>
    </ClInclude>
    <ClInclude Include="..\raknet\DS_ByteQueue.h">
      <Filter>net\raknet</Filter>
    </ClInclude>
    <ClInclude Include="..\raknet\DS_Hash.h">
      <Filter>net\raknet</Filter>
    </ClInclude>
    <ClInclude Include="..\raknet\DS_Heap.h">
      <Filter>net\raknet</Filter>
    </ClInclude>
    <ClInclude Include="..\raknet\DS_HuffmanEncodingTree.h">
      <Filter>net\raknet</Filter>
    </ClInclude>
    <ClInclude Include="..\raknet\DS_HuffmanEncodingTreeFactory.h">
      <Filter>net\raknet</Filter>
    </ClInclude>
    <ClInclude Include="..\raknet\DS_HuffmanEncodingTreeNode.h">
      <Filter>net\raknet</Filter>
    </ClInclude>
    <ClInclude Include="..\raknet\DS_LinkedList.h">
      <Filter>net\raknet</Filter>
    </ClInclude>
    <ClInclude Include="..\raknet\DS_List.h">
      <Filter>net\raknet</Filter>
    </ClInclude>
    <ClInclude Include="..\raknet\DS_Map.h">
      <Filter>net\raknet</Filter>
    </ClInclude>
    <ClInclude Include="..\raknet\DS_MemoryPool.h">
      <Filter>net\raknet</Filter>
    </ClInclude>
    <ClInclude Include="..\raknet\DS_Multilist.h">
      <Filter>net\raknet</Filter>
    </ClInclude>
    <ClInclude Include="..\raknet\DS_OrderedChannelHeap.h">
      <Filter>net\raknet</Filter>
    </ClInclude>
    <ClInclude Include="..\raknet\DS_OrderedList.h">
      <Filter>net\raknet</Filter>
    </ClInclude>
    <ClInclude Include="..\raknet\DS_Queue.h">
      <Filter>net\raknet</Filter>
    </ClInclude>
    <ClInclude Include="..\raknet\DS_QueueLinkedList.h">
      <Filter>net\raknet</Filter>
    </ClInclude>
    <ClInclude Include="..\raknet\DS_RangeList.h">
      <Filter>net\raknet</Filter>
    </ClInclude>
    <ClInclude Include="..\raknet\DS_Table.h">
      <Filter>net\raknet</Filter>
    </ClInclude>
    <ClInclude Include="..\raknet\DS_ThreadsafeAllocatingQueue.h">
      <Filter>net\raknet</Filter>
    </ClInclude>
    <ClInclude Include="..\raknet\DS_Tree.h">
      <Filter>net\raknet</Filter>
    </ClInclude>
    <ClInclude Include="..\raknet\DS_WeightedGraph.h">
      <Filter>net\raknet</Filter>
    </ClInclude>
    <ClInclude Include="..\raknet\DynDNS.h">
      <Filter>net\raknet</Filter>
    </ClInclude>
    <ClInclude Include="..\raknet\EmailSender.h">
      <Filter>net\raknet</Filter>
    </ClInclude>
    <ClInclude Include="..\raknet\EmptyHeader.h">
      <Filter>net\raknet</Filter>
    </ClInclude>
    <ClInclude Include="..\raknet\EpochTimeToString.h">
      <Filter>net\raknet</Filter>
    </ClInclude>
    <ClInclude Include="..\raknet\Export.h">
      <Filter>net\raknet</Filter>
    </ClInclude>
    <ClInclude Include="..\raknet\FileList.h">
      <Filter>net\raknet</Filter>
    </ClInclude>
    <ClInclude Include="..\raknet\FileListNodeContext.h">
      <Filter>net\raknet</Filter>
    </ClInclude>
    <ClInclude Include="..\raknet\FileListTransfer.h">
      <Filter>net\raknet</Filter>
    </ClInclude>
    <ClInclude Include="..\raknet\FileListTransferCBInterface.h">
      <Filter>net\raknet</Filter>
    </ClInclude>
    <ClInclude Include="..\raknet\FileOperations.h">
      <Filter>net\raknet</Filter>
    </ClInclude>
    <ClInclude Include="..\raknet\FormatString.h">
      <Filter>net\raknet</Filter>
    </ClInclude>
    <ClInclude Include="..\raknet\FullyConnectedMesh2.h">
      <Filter>net\raknet</Filter>
    </ClInclude>
    <ClInclude Include="..\raknet\Getche.h">
      <Filter>net\raknet</Filter>
    </ClInclude>
    <ClInclude Include="..\raknet\Gets.h">
      <Filter>net\raknet</Filter>
    </ClInclude>
    <ClInclude Include="..\raknet\GetTime.h">
      <Filter>net\raknet</Filter>
    </ClInclude>
    <ClInclude Include="..\raknet\gettimeofday.h">
      <Filter>net\raknet</Filter>
    </ClInclude>
    <ClInclude Include="..\raknet\GridSectorizer.h">
      <Filter>net\raknet</Filter>
    </ClInclude>
    <ClInclude Include="..\raknet\HTTPConnection.h">
      <Filter>net\raknet</Filter>
    </ClInclude>
    <ClInclude Include="..\raknet\HTTPConnection2.h">
      <Filter>net\raknet</Filter>
    </ClInclude>
    <ClInclude Include="..\raknet\IncrementalReadInterface.h">
      <Filter>net\raknet</Filter>
    </ClInclude>
    <ClInclude Include="..\raknet\InternalPacket.h">
      <Filter>net\raknet</Filter>
    </ClInclude>
    <ClInclude Include="..\raknet\Itoa.h">
      <Filter>net\raknet</Filter>
    </ClInclude>
    <ClInclude Include="..\raknet\Kbhit.h">
      <Filter>net\raknet</Filter>
    </ClInclude>
    <ClInclude Include="..\raknet\LinuxStrings.h">
      <Filter>net\raknet</Filter>
    </ClInclude>
    <ClInclude Include="..\raknet\LocklessTypes.h">
      <Filter>net\raknet</Filter>
    </ClInclude>
    <ClInclude Include="..\raknet\LogCommandParser.h">
      <Filter>net\raknet</Filter>
    </ClInclude>
    <ClInclude Include="..\raknet\MessageFilter.h">
      <Filter>net\raknet</Filter>
    </ClInclude>
    <ClInclude Include="..\raknet\MessageIdentifiers.h">
      <Filter>net\raknet</Filter>
    </ClInclude>
    <ClInclude Include="..\raknet\MTUSize.h">
      <Filter>net\raknet</Filter>
    </ClInclude>
    <ClInclude Include="..\raknet\NativeFeatureIncludes.h">
      <Filter>net\raknet</Filter>
    </ClInclude>
    <ClInclude Include="..\raknet\NativeFeatureIncludesOverrides.h">
      <Filter>net\raknet</Filter>
    </ClInclude>
    <ClInclude Include="..\raknet\NativeTypes.h">
      <Filter>net\raknet</Filter>
    </ClInclude>
    <ClInclude Include="..\raknet\NatPunchthroughClient.h">
      <Filter>net\raknet</Filter>
    </ClInclude>
    <ClInclude Include="..\raknet\NatPunchthroughServer.h">
      <Filter>net\raknet</Filter>
    </ClInclude>
    <ClInclude Include="..\raknet\NatTypeDetectionClient.h">
      <Filter>net\raknet</Filter>
    </ClInclude>
    <ClInclude Include="..\raknet\NatTypeDetectionCommon.h">
      <Filter>net\raknet</Filter>
    </ClInclude>
    <ClInclude Include="..\raknet\NatTypeDetectionServer.h">
      <Filter>net\raknet</Filter>
    </ClInclude>
    <ClInclude Include="..\raknet\NetworkIDManager.h">
      <Filter>net\raknet</Filter>
    </ClInclude>
    <ClInclude Include="..\raknet\NetworkIDObject.h">
      <Filter>net\raknet</Filter>
    </ClInclude>
    <ClInclude Include="..\raknet\PacketConsoleLogger.h">
      <Filter>net\raknet</Filter>
    </ClInclude>
    <ClInclude Include="..\raknet\PacketFileLogger.h">
      <Filter>net\raknet</Filter>
    </ClInclude>
    <ClInclude Include="..\raknet\PacketizedTCP.h">
      <Filter>net\raknet</Filter>
    </ClInclude>
    <ClInclude Include="..\raknet\PacketLogger.h">
      <Filter>net\raknet</Filter>
    </ClInclude>
    <ClInclude Include="..\raknet\PacketOutputWindowLogger.h">
      <Filter>net\raknet</Filter>
    </ClInclude>
    <ClInclude Include="..\raknet\PacketPool.h">
      <Filter>net\raknet</Filter>
    </ClInclude>
    <ClInclude Include="..\raknet\PacketPriority.h">
      <Filter>net\raknet</Filter>
    </ClInclude>
    <ClInclude Include="..\raknet\PluginInterface2.h">
      <Filter>net\raknet</Filter>
    </ClInclude>
    <ClInclude Include="..\raknet\PS3Includes.h">
      <Filter>net\raknet</Filter>
    </ClInclude>
    <ClInclude Include="..\raknet\PS4Includes.h">
      <Filter>net\raknet</Filter>
    </ClInclude>
    <ClInclude Include="..\raknet\Rackspace.h">
      <Filter>net\raknet</Filter>
    </ClInclude>
    <ClInclude Include="..\raknet\RakAlloca.h">
      <Filter>net\raknet</Filter>
    </ClInclude>
    <ClInclude Include="..\raknet\RakAssert.h">
      <Filter>net\raknet</Filter>
    </ClInclude>
    <ClInclude Include="..\raknet\RakMemoryOverride.h">
      <Filter>net\raknet</Filter>
    </ClInclude>
    <ClInclude Include="..\raknet\RakNetCommandParser.h">
      <Filter>net\raknet</Filter>
    </ClInclude>
    <ClInclude Include="..\raknet\RakNetDefines.h">
      <Filter>net\raknet</Filter>
    </ClInclude>
    <ClInclude Include="..\raknet\RakNetDefinesOverrides.h">
      <Filter>net\raknet</Filter>
    </ClInclude>
    <ClInclude Include="..\raknet\RakNetSmartPtr.h">
      <Filter>net\raknet</Filter>
    </ClInclude>
    <ClInclude Include="..\raknet\RakNetSocket.h">
      <Filter>net\raknet</Filter>
    </ClInclude>
    <ClInclude Include="..\raknet\RakNetSocket2.h">
      <Filter>net\raknet</Filter>
    </ClInclude>
    <ClInclude Include="..\raknet\RakNetStatistics.h">
      <Filter>net\raknet</Filter>
    </ClInclude>
    <ClInclude Include="..\raknet\RakNetTime.h">
      <Filter>net\raknet</Filter>
    </ClInclude>
    <ClInclude Include="..\raknet\RakNetTransport2.h">
      <Filter>net\raknet</Filter>
    </ClInclude>
    <ClInclude Include="..\raknet\RakNetTypes.h">
      <Filter>net\raknet</Filter>
    </ClInclude>
    <ClInclude Include="..\raknet\RakNetVersion.h">
      <Filter>net\raknet</Filter>
    </ClInclude>
    <ClInclude Include="..\raknet\RakPeer.h">
      <Filter>net\raknet</Filter>
    </ClInclude>
    <ClInclude Include="..\raknet\RakPeerInterface.h">
      <Filter>net\raknet</Filter>
    </ClInclude>
    <ClInclude Include="..\raknet\RakSleep.h">
      <Filter>net\raknet</Filter>
    </ClInclude>
    <ClInclude Include="..\raknet\RakString.h">
      <Filter>net\raknet</Filter>
    </ClInclude>
    <ClInclude Include="..\raknet\RakThread.h">
      <Filter>net\raknet</Filter>
    </ClInclude>
    <ClInclude Include="..\raknet\RakWString.h">
      <Filter>net\raknet</Filter>
    </ClInclude>
    <ClInclude Include="..\raknet\Rand.h">
      <Filter>net\raknet</Filter>
    </ClInclude>
    <ClInclude Include="..\raknet\RandSync.h">
      <Filter>net\raknet</Filter>
    </ClInclude>
    <ClInclude Include="..\raknet\ReadyEvent.h">
      <Filter>net\raknet</Filter>
    </ClInclude>
    <ClInclude Include="..\raknet\RefCountedObj.h">
      <Filter>net\raknet</Filter>
    </ClInclude>
    <ClInclude Include="..\raknet\RelayPlugin.h">
      <Filter>net\raknet</Filter>
    </ClInclude>
    <ClInclude Include="..\raknet\ReliabilityLayer.h">
      <Filter>net\raknet</Filter>
    </ClInclude>
    <ClInclude Include="..\raknet\ReplicaEnums.h">
      <Filter>net\raknet</Filter>
    </ClInclude>
    <ClInclude Include="..\raknet\ReplicaManager3.h">
      <Filter>net\raknet</Filter>
    </ClInclude>
    <ClInclude Include="..\raknet\Router2.h">
      <Filter>net\raknet</Filter>
    </ClInclude>
    <ClInclude Include="..\raknet\RPC4Plugin.h">
      <Filter>net\raknet</Filter>
    </ClInclude>
    <ClInclude Include="..\raknet\SecureHandshake.h">
      <Filter>net\raknet</Filter>
    </ClInclude>
    <ClInclude Include="..\raknet\SendToThread.h">
      <Filter>net\raknet</Filter>
    </ClInclude>
    <ClInclude Include="..\raknet\SignaledEvent.h">
      <Filter>net\raknet</Filter>
    </ClInclude>
    <ClInclude Include="..\raknet\SimpleMutex.h">
      <Filter>net\raknet</Filter>
    </ClInclude>
    <ClInclude Include="..\raknet\SimpleTCPServer.h">
      <Filter>net\raknet</Filter>
    </ClInclude>
    <ClInclude Include="..\raknet\SingleProducerConsumer.h">
      <Filter>net\raknet</Filter>
    </ClInclude>
    <ClInclude Include="..\raknet\SocketDefines.h">
      <Filter>net\raknet</Filter>
    </ClInclude>
    <ClInclude Include="..\raknet\SocketIncludes.h">
      <Filter>net\raknet</Filter>
    </ClInclude>
    <ClInclude Include="..\raknet\SocketLayer.h">
      <Filter>net\raknet</Filter>
    </ClInclude>
    <ClInclude Include="..\raknet\StatisticsHistory.h">
      <Filter>net\raknet</Filter>
    </ClInclude>
    <ClInclude Include="..\raknet\StringCompressor.h">
      <Filter>net\raknet</Filter>
    </ClInclude>
    <ClInclude Include="..\raknet\StringTable.h">
      <Filter>net\raknet</Filter>
    </ClInclude>
    <ClInclude Include="..\raknet\SuperFastHash.h">
      <Filter>net\raknet</Filter>
    </ClInclude>
    <ClInclude Include="..\raknet\TableSerializer.h">
      <Filter>net\raknet</Filter>
    </ClInclude>
    <ClInclude Include="..\raknet\TCPInterface.h">
      <Filter>net\raknet</Filter>
    </ClInclude>
    <ClInclude Include="..\raknet\TeamBalancer.h">
      <Filter>net\raknet</Filter>
    </ClInclude>
    <ClInclude Include="..\raknet\TeamManager.h">
      <Filter>net\raknet</Filter>
    </ClInclude>
    <ClInclude Include="..\raknet\TelnetTransport.h">
      <Filter>net\raknet</Filter>
    </ClInclude>
    <ClInclude Include="..\raknet\ThreadPool.h">
      <Filter>net\raknet</Filter>
    </ClInclude>
    <ClInclude Include="..\raknet\ThreadsafePacketLogger.h">
      <Filter>net\raknet</Filter>
    </ClInclude>
    <ClInclude Include="..\raknet\TransportInterface.h">
      <Filter>net\raknet</Filter>
    </ClInclude>
    <ClInclude Include="..\raknet\TwoWayAuthentication.h">
      <Filter>net\raknet</Filter>
    </ClInclude>
    <ClInclude Include="..\raknet\UDPForwarder.h">
      <Filter>net\raknet</Filter>
    </ClInclude>
    <ClInclude Include="..\raknet\UDPProxyClient.h">
      <Filter>net\raknet</Filter>
    </ClInclude>
    <ClInclude Include="..\raknet\UDPProxyCommon.h">
      <Filter>net\raknet</Filter>
    </ClInclude>
    <ClInclude Include="..\raknet\UDPProxyCoordinator.h">
      <Filter>net\raknet</Filter>
    </ClInclude>
    <ClInclude Include="..\raknet\UDPProxyServer.h">
      <Filter>net\raknet</Filter>
    </ClInclude>
    <ClInclude Include="..\raknet\VariableDeltaSerializer.h">
      <Filter>net\raknet</Filter>
    </ClInclude>
    <ClInclude Include="..\raknet\VariableListDeltaTracker.h">
      <Filter>net\raknet</Filter>
    </ClInclude>
    <ClInclude Include="..\raknet\VariadicSQLParser.h">
      <Filter>net\raknet</Filter>
    </ClInclude>
    <ClInclude Include="..\raknet\VitaIncludes.h">
      <Filter>net\raknet</Filter>
    </ClInclude>
    <ClInclude Include="..\raknet\WindowsIncludes.h">
      <Filter>net\raknet</Filter>
    </ClInclude>
    <ClInclude Include="..\raknet\WSAStartupSingleton.h">
      <Filter>net\raknet</Filter>
    </ClInclude>
    <ClInclude Include="..\raknet\XBox360Includes.h">
      <Filter>net\raknet</Filter>
    </ClInclude>
    <ClInclude Include="..\raknet\SAMP\NetData.h">
      <Filter>net</Filter>
    </ClInclude>
  </ItemGroup>
  <ItemGroup>
    <Text Include="..\raknet\CMakeLists.txt">
      <Filter>net\raknet</Filter>
    </Text>
  </ItemGroup>
  <ItemGroup>
    <None Include="..\raknet\RakNet.vcproj">
      <Filter>net\raknet</Filter>
    </None>
    <None Include="..\raknet\RakNet_vc8.vcproj">
      <Filter>net\raknet</Filter>
    </None>
    <None Include="..\raknet\RakNet_vc9.vcproj">
      <Filter>net\raknet</Filter>
    </None>
  </ItemGroup>
</Project>